
Microsoft Visual Studio Solution File, Format Version 12.00
# Visual Studio Version 16
VisualStudioVersion = 16.0.28803.352
MinimumVisualStudioVersion = 10.0.40219.1
Project("{FAE04EC0-301F-11D3-BF4B-00C04F79EFBC}") = "OriginReportTools", "OriginReportTools\OriginReportTools.csproj", "{7F573D67-3411-4D82-9D6F-56D231E5DBE6}"
EndProject
Global
	GlobalSection(SolutionConfigurationPlatforms) = preSolution
		Debug|Any CPU = Debug|Any CPU
		Release|Any CPU = Release|Any CPU
	EndGlobalSection
	GlobalSection(ProjectConfigurationPlatforms) = postSolution
		{7F573D67-3411-4D82-9D6F-56D231E5DBE6}.Debug|Any CPU.ActiveCfg = Debug|Any CPU
		{7F573D67-3411-4D82-9D6F-56D231E5DBE6}.Debug|Any CPU.Build.0 = Debug|Any CPU
		{7F573D67-3411-4D82-9D6F-56D231E5DBE6}.Release|Any CPU.ActiveCfg = Release|Any CPU
		{7F573D67-3411-4D82-9D6F-56D231E5DBE6}.Release|Any CPU.Build.0 = Release|Any CPU
	EndGlobalSection
	GlobalSection(SolutionProperties) = preSolution
		HideSolutionNode = FALSE
	EndGlobalSection
	GlobalSection(ExtensibilityGlobals) = postSolution
		SolutionGuid = {D68CFD14-0D2C-4CD0-B20E-391DA99E92C3}
	EndGlobalSection
EndGlobal
